// !$*UTF8*$!
{
	archiveVersion = 1;
	classes = {
	};
	objectVersion = 46;
	objects = {

/* Begin PBXBuildFile section */
		63C6CC14754FD88A4C0241E7 /* libPods.a in Frameworks */ = {isa = PBXBuildFile; fileRef = AC0B8F4B6ED9958BD796D8C1 /* libPods.a */; };
		B702951F1B00A5EF0007F668 /* MenuViewController.swift in Sources */ = {isa = PBXBuildFile; fileRef = B702951D1B00A5EF0007F668 /* MenuViewController.swift */; };
		B70295201B00A5EF0007F668 /* MenuViewController.xib in Resources */ = {isa = PBXBuildFile; fileRef = B702951E1B00A5EF0007F668 /* MenuViewController.xib */; };
		B70295221B00AD6F0007F668 /* CircleImageView.swift in Sources */ = {isa = PBXBuildFile; fileRef = B70295211B00AD6F0007F668 /* CircleImageView.swift */; };
		B70775231B0C82430089673C /* CreateTripTableViewController.swift in Sources */ = {isa = PBXBuildFile; fileRef = B70775221B0C82430089673C /* CreateTripTableViewController.swift */; };
		B70775251B0C84CF0089673C /* GooglePlaceAutoCompleteDataSource.swift in Sources */ = {isa = PBXBuildFile; fileRef = B70775241B0C84CF0089673C /* GooglePlaceAutoCompleteDataSource.swift */; };
		B707752A1B0DCD4F0089673C /* ChooseLocationTableViewController.swift in Sources */ = {isa = PBXBuildFile; fileRef = B70775291B0DCD4F0089673C /* ChooseLocationTableViewController.swift */; };
		B719DCA71ADD0D050035CBBF /* RegistrationService.swift in Sources */ = {isa = PBXBuildFile; fileRef = B719DCA61ADD0D050035CBBF /* RegistrationService.swift */; };
		B719DCAA1ADD14870035CBBF /* Command.swift in Sources */ = {isa = PBXBuildFile; fileRef = B719DCA91ADD14870035CBBF /* Command.swift */; };
		B719DCAD1ADD234E0035CBBF /* Service.swift in Sources */ = {isa = PBXBuildFile; fileRef = B719DCAC1ADD234E0035CBBF /* Service.swift */; };
		B719DCAF1ADD26AB0035CBBF /* Main.storyboard in Resources */ = {isa = PBXBuildFile; fileRef = B719DCAE1ADD26AB0035CBBF /* Main.storyboard */; };
		B71A914F1AE252B3007277E9 /* Constant.swift in Sources */ = {isa = PBXBuildFile; fileRef = B71A914E1AE252B3007277E9 /* Constant.swift */; };
		B71A91551AE50027007277E9 /* CheckIn.storyboard in Resources */ = {isa = PBXBuildFile; fileRef = B71A91541AE50027007277E9 /* CheckIn.storyboard */; };
		B720C4181AF0D8EC00DD1603 /* GooglePlaceSearchNearByService.swift in Sources */ = {isa = PBXBuildFile; fileRef = B720C4171AF0D8EC00DD1603 /* GooglePlaceSearchNearByService.swift */; };
		B720C41A1AF0E45700DD1603 /* GooglePlace.swift in Sources */ = {isa = PBXBuildFile; fileRef = B720C4191AF0E45700DD1603 /* GooglePlace.swift */; };
		B74191581ADA6BAF0051E237 /* AppDelegate.swift in Sources */ = {isa = PBXBuildFile; fileRef = B74191571ADA6BAF0051E237 /* AppDelegate.swift */; };
		B741915F1ADA6BAF0051E237 /* Images.xcassets in Resources */ = {isa = PBXBuildFile; fileRef = B741915E1ADA6BAF0051E237 /* Images.xcassets */; };
		B74191621ADA6BAF0051E237 /* LaunchScreen.xib in Resources */ = {isa = PBXBuildFile; fileRef = B74191601ADA6BAF0051E237 /* LaunchScreen.xib */; };
		B741916E1ADA6BAF0051E237 /* TURidesTests.swift in Sources */ = {isa = PBXBuildFile; fileRef = B741916D1ADA6BAF0051E237 /* TURidesTests.swift */; };
		B74191791ADA87480051E237 /* Login.storyboard in Resources */ = {isa = PBXBuildFile; fileRef = B74191781ADA87480051E237 /* Login.storyboard */; };
		B741917B1ADA8A1A0051E237 /* RegistrationViewController.swift in Sources */ = {isa = PBXBuildFile; fileRef = B741917A1ADA8A1A0051E237 /* RegistrationViewController.swift */; };
		B74191821ADA8EE20051E237 /* NavBarLogoView.swift in Sources */ = {isa = PBXBuildFile; fileRef = B74191801ADA8EE20051E237 /* NavBarLogoView.swift */; };
		B74191831ADA8EE20051E237 /* NavBarLogoView.xib in Resources */ = {isa = PBXBuildFile; fileRef = B74191811ADA8EE20051E237 /* NavBarLogoView.xib */; };
		B74191861ADA9E250051E237 /* LoginViewController.swift in Sources */ = {isa = PBXBuildFile; fileRef = B74191851ADA9E250051E237 /* LoginViewController.swift */; };
		B741918A1ADBB91A0051E237 /* BaseViewController.swift in Sources */ = {isa = PBXBuildFile; fileRef = B74191891ADBB91A0051E237 /* BaseViewController.swift */; };
		B741918C1ADBBD5F0051E237 /* SignupViewController.swift in Sources */ = {isa = PBXBuildFile; fileRef = B741918B1ADBBD5F0051E237 /* SignupViewController.swift */; };
		B74191901ADBC3FE0051E237 /* KeyChainUtil.swift in Sources */ = {isa = PBXBuildFile; fileRef = B741918F1ADBC3FE0051E237 /* KeyChainUtil.swift */; };
		B749117B1B03467B0079275A /* Comment.swift in Sources */ = {isa = PBXBuildFile; fileRef = B749117A1B03467B0079275A /* Comment.swift */; };
		B74F4B3C1B47D2DD00F760BA /* TripOffer.swift in Sources */ = {isa = PBXBuildFile; fileRef = B74F4B3B1B47D2DD00F760BA /* TripOffer.swift */; };
		B75DC8CB1B17132D008AB5DE /* CreateTripService.swift in Sources */ = {isa = PBXBuildFile; fileRef = B75DC8CA1B17132D008AB5DE /* CreateTripService.swift */; };
		B75DC8CD1B20570F008AB5DE /* AddMenuViewController.swift in Sources */ = {isa = PBXBuildFile; fileRef = B75DC8CC1B20570F008AB5DE /* AddMenuViewController.swift */; };
		B75DC8CF1B23A66B008AB5DE /* GetTripService.swift in Sources */ = {isa = PBXBuildFile; fileRef = B75DC8CE1B23A66B008AB5DE /* GetTripService.swift */; };
		B75DC8D31B25829B008AB5DE /* TripTableViewCell.swift in Sources */ = {isa = PBXBuildFile; fileRef = B75DC8D21B25829B008AB5DE /* TripTableViewCell.swift */; };
		B75DC8D51B258363008AB5DE /* Trip.swift in Sources */ = {isa = PBXBuildFile; fileRef = B75DC8D41B258363008AB5DE /* Trip.swift */; };
		B75DC8D91B2585D6008AB5DE /* ActivityTableViewController.swift in Sources */ = {isa = PBXBuildFile; fileRef = B75DC8D81B2585D6008AB5DE /* ActivityTableViewController.swift */; };
		B75DC8DB1B2AD8B7008AB5DE /* MapKit.framework in Frameworks */ = {isa = PBXBuildFile; fileRef = B75DC8DA1B2AD8B7008AB5DE /* MapKit.framework */; };
		B75DC8DD1B2C1ED0008AB5DE /* AcceptTripService.swift in Sources */ = {isa = PBXBuildFile; fileRef = B75DC8DC1B2C1ED0008AB5DE /* AcceptTripService.swift */; };
		B75DC8DF1B2C22FF008AB5DE /* TripDetailsViewController.swift in Sources */ = {isa = PBXBuildFile; fileRef = B75DC8DE1B2C22FF008AB5DE /* TripDetailsViewController.swift */; };
		B775612C1AE663E9001354D6 /* CheckInViewController.swift in Sources */ = {isa = PBXBuildFile; fileRef = B775612B1AE663E9001354D6 /* CheckInViewController.swift */; };
		B77561301AE7B009001354D6 /* InviteFacebookFriendsViewController.swift in Sources */ = {isa = PBXBuildFile; fileRef = B775612F1AE7B009001354D6 /* InviteFacebookFriendsViewController.swift */; };
		B77561321AE7B35C001354D6 /* TUButton.swift in Sources */ = {isa = PBXBuildFile; fileRef = B77561311AE7B35C001354D6 /* TUButton.swift */; };
		B77561341AE7C290001354D6 /* UIColorExtention.swift in Sources */ = {isa = PBXBuildFile; fileRef = B77561331AE7C290001354D6 /* UIColorExtention.swift */; };
		B778C7581ADFB61A001677FC /* HomeViewController.swift in Sources */ = {isa = PBXBuildFile; fileRef = B778C7571ADFB61A001677FC /* HomeViewController.swift */; };
		B778C75A1ADFBD6F001677FC /* UIUtil.swift in Sources */ = {isa = PBXBuildFile; fileRef = B778C7591ADFBD6F001677FC /* UIUtil.swift */; };
		B778C75D1ADFC34F001677FC /* TUTableViewCellType1TableViewCell.swift in Sources */ = {isa = PBXBuildFile; fileRef = B778C75B1ADFC34F001677FC /* TUTableViewCellType1TableViewCell.swift */; };
		B778C75E1ADFC34F001677FC /* TUTableViewCellType1TableViewCell.xib in Resources */ = {isa = PBXBuildFile; fileRef = B778C75C1ADFC34F001677FC /* TUTableViewCellType1TableViewCell.xib */; };
		B778C7601AE0EF21001677FC /* FacebookLoginService.swift in Sources */ = {isa = PBXBuildFile; fileRef = B778C75F1AE0EF21001677FC /* FacebookLoginService.swift */; };
		B778C7621AE1100A001677FC /* LoginService.swift in Sources */ = {isa = PBXBuildFile; fileRef = B778C7611AE1100A001677FC /* LoginService.swift */; };
		B778C7641AE110B1001677FC /* LogoutService.swift in Sources */ = {isa = PBXBuildFile; fileRef = B778C7631AE110B1001677FC /* LogoutService.swift */; };
		B7817FE11AF22F01007FB7D8 /* CreateCheckInService.swift in Sources */ = {isa = PBXBuildFile; fileRef = B7817FE01AF22F01007FB7D8 /* CreateCheckInService.swift */; };
		B7817FE31AF372D6007FB7D8 /* GetActivityService.swift in Sources */ = {isa = PBXBuildFile; fileRef = B7817FE21AF372D6007FB7D8 /* GetActivityService.swift */; };
		B79632571AEA3961007A2CE0 /* BaseActivity.swift in Sources */ = {isa = PBXBuildFile; fileRef = B79632561AEA3961007A2CE0 /* BaseActivity.swift */; };
		B796325A1AEA39AA007A2CE0 /* User.swift in Sources */ = {isa = PBXBuildFile; fileRef = B79632591AEA39AA007A2CE0 /* User.swift */; };
		B796325C1AEA45C8007A2CE0 /* CheckInActivity.swift in Sources */ = {isa = PBXBuildFile; fileRef = B796325B1AEA45C8007A2CE0 /* CheckInActivity.swift */; };
		B796325E1AECE1EA007A2CE0 /* FBFriend.swift in Sources */ = {isa = PBXBuildFile; fileRef = B796325D1AECE1EA007A2CE0 /* FBFriend.swift */; };
		B79632601AEF85B8007A2CE0 /* TUPrimaryButton.swift in Sources */ = {isa = PBXBuildFile; fileRef = B796325F1AEF85B8007A2CE0 /* TUPrimaryButton.swift */; };
		B79632621AEF8693007A2CE0 /* TUSecondaryButton.swift in Sources */ = {isa = PBXBuildFile; fileRef = B79632611AEF8693007A2CE0 /* TUSecondaryButton.swift */; };
		B7A7D7FE1B6E045800FDDE4A /* FriendsTableViewController.swift in Sources */ = {isa = PBXBuildFile; fileRef = B7A7D7FD1B6E045800FDDE4A /* FriendsTableViewController.swift */; };
		B7A7D8001B6E0A7C00FDDE4A /* SearchFriendsService.swift in Sources */ = {isa = PBXBuildFile; fileRef = B7A7D7FF1B6E0A7C00FDDE4A /* SearchFriendsService.swift */; };
		B7A7D8021B6E0B3500FDDE4A /* SearchFriendsTableViewController.swift in Sources */ = {isa = PBXBuildFile; fileRef = B7A7D8011B6E0B3500FDDE4A /* SearchFriendsTableViewController.swift */; };
		B7A7D8041B6E10A400FDDE4A /* AddFriendRequestService.swift in Sources */ = {isa = PBXBuildFile; fileRef = B7A7D8031B6E10A400FDDE4A /* AddFriendRequestService.swift */; };
		B7A7D8061B6E10C100FDDE4A /* AcceptAddFriendRequestService.swift in Sources */ = {isa = PBXBuildFile; fileRef = B7A7D8051B6E10C100FDDE4A /* AcceptAddFriendRequestService.swift */; };
		B7A7D8091B6E10F300FDDE4A /* DeclineFriendRequestService.swift in Sources */ = {isa = PBXBuildFile; fileRef = B7A7D8081B6E10F300FDDE4A /* DeclineFriendRequestService.swift */; };
		B7A7D80B1B70BC0E00FDDE4A /* GetNewFriendRequestService.swift in Sources */ = {isa = PBXBuildFile; fileRef = B7A7D80A1B70BC0E00FDDE4A /* GetNewFriendRequestService.swift */; };
		B7AB4CE61B48E9BA00245ECF /* PickDriverViewController.swift in Sources */ = {isa = PBXBuildFile; fileRef = B7AB4CE51B48E9BA00245ECF /* PickDriverViewController.swift */; };
		B7AB4CE81B49316900245ECF /* PickDriverTableViewCell.swift in Sources */ = {isa = PBXBuildFile; fileRef = B7AB4CE71B49316900245ECF /* PickDriverTableViewCell.swift */; };
		B7AB4CEA1B493B8C00245ECF /* PickDriverService.swift in Sources */ = {isa = PBXBuildFile; fileRef = B7AB4CE91B493B8C00245ECF /* PickDriverService.swift */; };
		B7AB4CEC1B4BCA4400245ECF /* FriendTableViewCell.swift in Sources */ = {isa = PBXBuildFile; fileRef = B7AB4CEB1B4BCA4400245ECF /* FriendTableViewCell.swift */; };
		B7AB4CEE1B4BCCBD00245ECF /* SelectFriendsTableViewController.swift in Sources */ = {isa = PBXBuildFile; fileRef = B7AB4CED1B4BCCBD00245ECF /* SelectFriendsTableViewController.swift */; };
		B7AB4CF01B4E5FAE00245ECF /* GooglePlaceDetailsService.swift in Sources */ = {isa = PBXBuildFile; fileRef = B7AB4CEF1B4E5FAE00245ECF /* GooglePlaceDetailsService.swift */; };
		B7AB4CF21B4E6CD200245ECF /* EntranceToGoliathRoute.plist in Resources */ = {isa = PBXBuildFile; fileRef = B7AB4CF11B4E6CD200245ECF /* EntranceToGoliathRoute.plist */; };
		B7AB4CF41B53AFF300245ECF /* GetGroupTripService.swift in Sources */ = {isa = PBXBuildFile; fileRef = B7AB4CF31B53AFF300245ECF /* GetGroupTripService.swift */; };
		B7AB4CF61B54EE6300245ECF /* GroupTrip.swift in Sources */ = {isa = PBXBuildFile; fileRef = B7AB4CF51B54EE6300245ECF /* GroupTrip.swift */; };
		B7AB4CF91B54F66900245ECF /* GroupTripDetailsViewController.swift in Sources */ = {isa = PBXBuildFile; fileRef = B7AB4CF71B54F66900245ECF /* GroupTripDetailsViewController.swift */; };
		B7AB4CFA1B54F66900245ECF /* GroupTripDetailsViewController.xib in Resources */ = {isa = PBXBuildFile; fileRef = B7AB4CF81B54F66900245ECF /* GroupTripDetailsViewController.xib */; };
		B7B753211B01E4B800070919 /* GetUserProfileService.swift in Sources */ = {isa = PBXBuildFile; fileRef = B7B753201B01E4B800070919 /* GetUserProfileService.swift */; };
		B7B753231B01E79200070919 /* TUComment.swift in Sources */ = {isa = PBXBuildFile; fileRef = B7B753221B01E79200070919 /* TUComment.swift */; };
		B7B753271B01EC8200070919 /* SwiftyJSON.swift in Sources */ = {isa = PBXBuildFile; fileRef = B7B753261B01EC8200070919 /* SwiftyJSON.swift */; };
		B7B753291B01FBD900070919 /* ActivityList.json in Resources */ = {isa = PBXBuildFile; fileRef = B7B753281B01FBD900070919 /* ActivityList.json */; };
		B7CB4C1A1B5A2AFE00C86038 /* GetMyTripService.swift in Sources */ = {isa = PBXBuildFile; fileRef = B7CB4C191B5A2AFE00C86038 /* GetMyTripService.swift */; };
		B7CB4C1C1B5A3DE700C86038 /* JoinAsPassenger.storyboard in Resources */ = {isa = PBXBuildFile; fileRef = B7CB4C1B1B5A3DE700C86038 /* JoinAsPassenger.storyboard */; };
		B7CB4C1E1B5A3E3F00C86038 /* JoinAsPassengerTableViewController.swift in Sources */ = {isa = PBXBuildFile; fileRef = B7CB4C1D1B5A3E3F00C86038 /* JoinAsPassengerTableViewController.swift */; };
		B7CB4C201B5BB09300C86038 /* HideFriendsTripRequestService.swift in Sources */ = {isa = PBXBuildFile; fileRef = B7CB4C1F1B5BB09300C86038 /* HideFriendsTripRequestService.swift */; };
		B7CB4C221B5CE29700C86038 /* DeleteTripService.swift in Sources */ = {isa = PBXBuildFile; fileRef = B7CB4C211B5CE29700C86038 /* DeleteTripService.swift */; };
		B7CB4C251B5CF19300C86038 /* JoinGroupTripService.swift in Sources */ = {isa = PBXBuildFile; fileRef = B7CB4C241B5CF19300C86038 /* JoinGroupTripService.swift */; };
		B7CB4C271B662CD000C86038 /* TULog.swift in Sources */ = {isa = PBXBuildFile; fileRef = B7CB4C261B662CD000C86038 /* TULog.swift */; };
		B7DEEDC41AE23D740041A962 /* Session.swift in Sources */ = {isa = PBXBuildFile; fileRef = B7DEEDC31AE23D740041A962 /* Session.swift */; };
		B7ED26801B380E49001F1656 /* GetTripOffersService.swift in Sources */ = {isa = PBXBuildFile; fileRef = B7ED267F1B380E49001F1656 /* GetTripOffersService.swift */; };
		B7ED26821B38199A001F1656 /* UpdateDeviceTokenService.swift in Sources */ = {isa = PBXBuildFile; fileRef = B7ED26811B38199A001F1656 /* UpdateDeviceTokenService.swift */; };
		B7ED26841B3E912B001F1656 /* GetPairedTripService.swift in Sources */ = {isa = PBXBuildFile; fileRef = B7ED26831B3E912B001F1656 /* GetPairedTripService.swift */; };
		B7F040361B0B2A1800D9EEFF /* GooglePlaceAutocompleteService.swift in Sources */ = {isa = PBXBuildFile; fileRef = B7F040351B0B2A1800D9EEFF /* GooglePlaceAutocompleteService.swift */; };
		B7F040381B0B385A00D9EEFF /* TUSearchDisplayController.swift in Sources */ = {isa = PBXBuildFile; fileRef = B7F040371B0B385A00D9EEFF /* TUSearchDisplayController.swift */; };
		B7FB294B1AE63E4500917B14 /* SelectPlacesTableViewController.swift in Sources */ = {isa = PBXBuildFile; fileRef = B7FB294A1AE63E4500917B14 /* SelectPlacesTableViewController.swift */; };
/* End PBXBuildFile section */

/* Begin PBXContainerItemProxy section */
		B74191681ADA6BAF0051E237 /* PBXContainerItemProxy */ = {
			isa = PBXContainerItemProxy;
			containerPortal = B741914A1ADA6BAF0051E237 /* Project object */;
			proxyType = 1;
			remoteGlobalIDString = B74191511ADA6BAF0051E237;
			remoteInfo = TURides;
		};
/* End PBXContainerItemProxy section */

/* Begin PBXFileReference section */
		0D5111C67A8B503EDDD4C8E4 /* Pods.debug.xcconfig */ = {isa = PBXFileReference; includeInIndex = 1; lastKnownFileType = text.xcconfig; name = Pods.debug.xcconfig; path = "Pods/Target Support Files/Pods/Pods.debug.xcconfig"; sourceTree = "<group>"; };
		AC0B8F4B6ED9958BD796D8C1 /* libPods.a */ = {isa = PBXFileReference; explicitFileType = archive.ar; includeInIndex = 0; path = libPods.a; sourceTree = BUILT_PRODUCTS_DIR; };
		B702951D1B00A5EF0007F668 /* MenuViewController.swift */ = {isa = PBXFileReference; fileEncoding = 4; lastKnownFileType = sourcecode.swift; name = MenuViewController.swift; path = Views/MenuViewController.swift; sourceTree = "<group>"; };
		B702951E1B00A5EF0007F668 /* MenuViewController.xib */ = {isa = PBXFileReference; fileEncoding = 4; lastKnownFileType = file.xib; name = MenuViewController.xib; path = Views/MenuViewController.xib; sourceTree = "<group>"; };
		B70295211B00AD6F0007F668 /* CircleImageView.swift */ = {isa = PBXFileReference; fileEncoding = 4; lastKnownFileType = sourcecode.swift; name = CircleImageView.swift; path = Views/CircleImageView.swift; sourceTree = "<group>"; };
		B70775221B0C82430089673C /* CreateTripTableViewController.swift */ = {isa = PBXFileReference; fileEncoding = 4; lastKnownFileType = sourcecode.swift; name = CreateTripTableViewController.swift; path = Views/CreateTripTableViewController.swift; sourceTree = "<group>"; };
		B70775241B0C84CF0089673C /* GooglePlaceAutoCompleteDataSource.swift */ = {isa = PBXFileReference; fileEncoding = 4; lastKnownFileType = sourcecode.swift; name = GooglePlaceAutoCompleteDataSource.swift; path = Models/GooglePlaceAutoCompleteDataSource.swift; sourceTree = "<group>"; };
		B70775291B0DCD4F0089673C /* ChooseLocationTableViewController.swift */ = {isa = PBXFileReference; fileEncoding = 4; lastKnownFileType = sourcecode.swift; name = ChooseLocationTableViewController.swift; path = Views/ChooseLocationTableViewController.swift; sourceTree = "<group>"; };
		B719DCA61ADD0D050035CBBF /* RegistrationService.swift */ = {isa = PBXFileReference; fileEncoding = 4; lastKnownFileType = sourcecode.swift; name = RegistrationService.swift; path = Services/RegistrationService.swift; sourceTree = "<group>"; };
		B719DCA91ADD14870035CBBF /* Command.swift */ = {isa = PBXFileReference; fileEncoding = 4; lastKnownFileType = sourcecode.swift; name = Command.swift; path = Core/Command.swift; sourceTree = "<group>"; };
		B719DCAC1ADD234E0035CBBF /* Service.swift */ = {isa = PBXFileReference; fileEncoding = 4; lastKnownFileType = sourcecode.swift; name = Service.swift; path = Core/Service.swift; sourceTree = "<group>"; };
		B719DCAE1ADD26AB0035CBBF /* Main.storyboard */ = {isa = PBXFileReference; fileEncoding = 4; lastKnownFileType = file.storyboard; name = Main.storyboard; path = Views/Main.storyboard; sourceTree = "<group>"; };
		B71A914E1AE252B3007277E9 /* Constant.swift */ = {isa = PBXFileReference; fileEncoding = 4; lastKnownFileType = sourcecode.swift; path = Constant.swift; sourceTree = "<group>"; };
		B71A91541AE50027007277E9 /* CheckIn.storyboard */ = {isa = PBXFileReference; fileEncoding = 4; lastKnownFileType = file.storyboard; name = CheckIn.storyboard; path = Views/CheckIn.storyboard; sourceTree = "<group>"; };
		B720C4171AF0D8EC00DD1603 /* GooglePlaceSearchNearByService.swift */ = {isa = PBXFileReference; fileEncoding = 4; lastKnownFileType = sourcecode.swift; name = GooglePlaceSearchNearByService.swift; path = Services/GooglePlaceSearchNearByService.swift; sourceTree = "<group>"; };
		B720C4191AF0E45700DD1603 /* GooglePlace.swift */ = {isa = PBXFileReference; fileEncoding = 4; lastKnownFileType = sourcecode.swift; name = GooglePlace.swift; path = Models/GooglePlace.swift; sourceTree = "<group>"; };
		B74191521ADA6BAF0051E237 /* TURides.app */ = {isa = PBXFileReference; explicitFileType = wrapper.application; includeInIndex = 0; path = TURides.app; sourceTree = BUILT_PRODUCTS_DIR; };
		B74191561ADA6BAF0051E237 /* Info.plist */ = {isa = PBXFileReference; lastKnownFileType = text.plist.xml; path = Info.plist; sourceTree = "<group>"; };
		B74191571ADA6BAF0051E237 /* AppDelegate.swift */ = {isa = PBXFileReference; lastKnownFileType = sourcecode.swift; path = AppDelegate.swift; sourceTree = "<group>"; };
		B741915E1ADA6BAF0051E237 /* Images.xcassets */ = {isa = PBXFileReference; lastKnownFileType = folder.assetcatalog; path = Images.xcassets; sourceTree = "<group>"; };
		B74191611ADA6BAF0051E237 /* Base */ = {isa = PBXFileReference; lastKnownFileType = file.xib; name = Base; path = Base.lproj/LaunchScreen.xib; sourceTree = "<group>"; };
		B74191671ADA6BAF0051E237 /* TURidesTests.xctest */ = {isa = PBXFileReference; explicitFileType = wrapper.cfbundle; includeInIndex = 0; path = TURidesTests.xctest; sourceTree = BUILT_PRODUCTS_DIR; };
		B741916C1ADA6BAF0051E237 /* Info.plist */ = {isa = PBXFileReference; lastKnownFileType = text.plist.xml; path = Info.plist; sourceTree = "<group>"; };
		B741916D1ADA6BAF0051E237 /* TURidesTests.swift */ = {isa = PBXFileReference; lastKnownFileType = sourcecode.swift; path = TURidesTests.swift; sourceTree = "<group>"; };
		B74191771ADA73450051E237 /* Bridging-Header.h */ = {isa = PBXFileReference; lastKnownFileType = sourcecode.c.h; path = "Bridging-Header.h"; sourceTree = "<group>"; };
		B74191781ADA87480051E237 /* Login.storyboard */ = {isa = PBXFileReference; fileEncoding = 4; lastKnownFileType = file.storyboard; path = Login.storyboard; sourceTree = "<group>"; };
		B741917A1ADA8A1A0051E237 /* RegistrationViewController.swift */ = {isa = PBXFileReference; fileEncoding = 4; lastKnownFileType = sourcecode.swift; name = RegistrationViewController.swift; path = Views/RegistrationViewController.swift; sourceTree = "<group>"; };
		B74191801ADA8EE20051E237 /* NavBarLogoView.swift */ = {isa = PBXFileReference; fileEncoding = 4; lastKnownFileType = sourcecode.swift; name = NavBarLogoView.swift; path = Views/NavBarLogoView.swift; sourceTree = "<group>"; };
		B74191811ADA8EE20051E237 /* NavBarLogoView.xib */ = {isa = PBXFileReference; fileEncoding = 4; lastKnownFileType = file.xib; name = NavBarLogoView.xib; path = Views/NavBarLogoView.xib; sourceTree = "<group>"; };
		B74191851ADA9E250051E237 /* LoginViewController.swift */ = {isa = PBXFileReference; fileEncoding = 4; lastKnownFileType = sourcecode.swift; name = LoginViewController.swift; path = Views/LoginViewController.swift; sourceTree = "<group>"; };
		B74191891ADBB91A0051E237 /* BaseViewController.swift */ = {isa = PBXFileReference; fileEncoding = 4; lastKnownFileType = sourcecode.swift; name = BaseViewController.swift; path = Views/BaseViewController.swift; sourceTree = "<group>"; };
		B741918B1ADBBD5F0051E237 /* SignupViewController.swift */ = {isa = PBXFileReference; fileEncoding = 4; lastKnownFileType = sourcecode.swift; name = SignupViewController.swift; path = Views/SignupViewController.swift; sourceTree = "<group>"; };
		B741918F1ADBC3FE0051E237 /* KeyChainUtil.swift */ = {isa = PBXFileReference; fileEncoding = 4; lastKnownFileType = sourcecode.swift; name = KeyChainUtil.swift; path = Utils/KeyChainUtil.swift; sourceTree = "<group>"; };
		B749117A1B03467B0079275A /* Comment.swift */ = {isa = PBXFileReference; fileEncoding = 4; lastKnownFileType = sourcecode.swift; name = Comment.swift; path = Models/Comment.swift; sourceTree = "<group>"; };
		B74F4B3B1B47D2DD00F760BA /* TripOffer.swift */ = {isa = PBXFileReference; fileEncoding = 4; lastKnownFileType = sourcecode.swift; name = TripOffer.swift; path = Models/TripOffer.swift; sourceTree = "<group>"; };
		B75DC8CA1B17132D008AB5DE /* CreateTripService.swift */ = {isa = PBXFileReference; fileEncoding = 4; lastKnownFileType = sourcecode.swift; name = CreateTripService.swift; path = Services/CreateTripService.swift; sourceTree = "<group>"; };
		B75DC8CC1B20570F008AB5DE /* AddMenuViewController.swift */ = {isa = PBXFileReference; fileEncoding = 4; lastKnownFileType = sourcecode.swift; name = AddMenuViewController.swift; path = Views/AddMenuViewController.swift; sourceTree = "<group>"; };
		B75DC8CE1B23A66B008AB5DE /* GetTripService.swift */ = {isa = PBXFileReference; fileEncoding = 4; lastKnownFileType = sourcecode.swift; name = GetTripService.swift; path = Services/GetTripService.swift; sourceTree = "<group>"; };
		B75DC8D21B25829B008AB5DE /* TripTableViewCell.swift */ = {isa = PBXFileReference; fileEncoding = 4; lastKnownFileType = sourcecode.swift; name = TripTableViewCell.swift; path = Views/TripTableViewCell.swift; sourceTree = "<group>"; };
		B75DC8D41B258363008AB5DE /* Trip.swift */ = {isa = PBXFileReference; fileEncoding = 4; lastKnownFileType = sourcecode.swift; name = Trip.swift; path = Models/Trip.swift; sourceTree = "<group>"; };
		B75DC8D81B2585D6008AB5DE /* ActivityTableViewController.swift */ = {isa = PBXFileReference; fileEncoding = 4; lastKnownFileType = sourcecode.swift; name = ActivityTableViewController.swift; path = Views/ActivityTableViewController.swift; sourceTree = "<group>"; };
		B75DC8DA1B2AD8B7008AB5DE /* MapKit.framework */ = {isa = PBXFileReference; lastKnownFileType = wrapper.framework; name = MapKit.framework; path = System/Library/Frameworks/MapKit.framework; sourceTree = SDKROOT; };
		B75DC8DC1B2C1ED0008AB5DE /* AcceptTripService.swift */ = {isa = PBXFileReference; fileEncoding = 4; lastKnownFileType = sourcecode.swift; name = AcceptTripService.swift; path = Services/AcceptTripService.swift; sourceTree = "<group>"; };
		B75DC8DE1B2C22FF008AB5DE /* TripDetailsViewController.swift */ = {isa = PBXFileReference; fileEncoding = 4; lastKnownFileType = sourcecode.swift; name = TripDetailsViewController.swift; path = Views/TripDetailsViewController.swift; sourceTree = "<group>"; };
		B775612B1AE663E9001354D6 /* CheckInViewController.swift */ = {isa = PBXFileReference; fileEncoding = 4; lastKnownFileType = sourcecode.swift; name = CheckInViewController.swift; path = Views/CheckInViewController.swift; sourceTree = "<group>"; };
		B775612F1AE7B009001354D6 /* InviteFacebookFriendsViewController.swift */ = {isa = PBXFileReference; fileEncoding = 4; lastKnownFileType = sourcecode.swift; name = InviteFacebookFriendsViewController.swift; path = Views/InviteFacebookFriendsViewController.swift; sourceTree = "<group>"; };
		B77561311AE7B35C001354D6 /* TUButton.swift */ = {isa = PBXFileReference; fileEncoding = 4; lastKnownFileType = sourcecode.swift; name = TUButton.swift; path = Views/TUButton.swift; sourceTree = "<group>"; };
		B77561331AE7C290001354D6 /* UIColorExtention.swift */ = {isa = PBXFileReference; fileEncoding = 4; lastKnownFileType = sourcecode.swift; name = UIColorExtention.swift; path = Core/UIColorExtention.swift; sourceTree = "<group>"; };
		B778C7571ADFB61A001677FC /* HomeViewController.swift */ = {isa = PBXFileReference; fileEncoding = 4; lastKnownFileType = sourcecode.swift; name = HomeViewController.swift; path = Views/HomeViewController.swift; sourceTree = "<group>"; };
		B778C7591ADFBD6F001677FC /* UIUtil.swift */ = {isa = PBXFileReference; fileEncoding = 4; lastKnownFileType = sourcecode.swift; name = UIUtil.swift; path = Utils/UIUtil.swift; sourceTree = "<group>"; };
		B778C75B1ADFC34F001677FC /* TUTableViewCellType1TableViewCell.swift */ = {isa = PBXFileReference; fileEncoding = 4; lastKnownFileType = sourcecode.swift; path = TUTableViewCellType1TableViewCell.swift; sourceTree = "<group>"; };
		B778C75C1ADFC34F001677FC /* TUTableViewCellType1TableViewCell.xib */ = {isa = PBXFileReference; fileEncoding = 4; lastKnownFileType = file.xib; path = TUTableViewCellType1TableViewCell.xib; sourceTree = "<group>"; };
		B778C75F1AE0EF21001677FC /* FacebookLoginService.swift */ = {isa = PBXFileReference; fileEncoding = 4; lastKnownFileType = sourcecode.swift; name = FacebookLoginService.swift; path = Services/FacebookLoginService.swift; sourceTree = "<group>"; };
		B778C7611AE1100A001677FC /* LoginService.swift */ = {isa = PBXFileReference; fileEncoding = 4; lastKnownFileType = sourcecode.swift; name = LoginService.swift; path = Services/LoginService.swift; sourceTree = "<group>"; };
		B778C7631AE110B1001677FC /* LogoutService.swift */ = {isa = PBXFileReference; fileEncoding = 4; lastKnownFileType = sourcecode.swift; name = LogoutService.swift; path = Services/LogoutService.swift; sourceTree = "<group>"; };
		B7817FE01AF22F01007FB7D8 /* CreateCheckInService.swift */ = {isa = PBXFileReference; fileEncoding = 4; lastKnownFileType = sourcecode.swift; name = CreateCheckInService.swift; path = Services/CreateCheckInService.swift; sourceTree = "<group>"; };
		B7817FE21AF372D6007FB7D8 /* GetActivityService.swift */ = {isa = PBXFileReference; fileEncoding = 4; lastKnownFileType = sourcecode.swift; name = GetActivityService.swift; path = Services/GetActivityService.swift; sourceTree = "<group>"; };
		B79632561AEA3961007A2CE0 /* BaseActivity.swift */ = {isa = PBXFileReference; fileEncoding = 4; lastKnownFileType = sourcecode.swift; name = BaseActivity.swift; path = Models/BaseActivity.swift; sourceTree = "<group>"; };
		B79632591AEA39AA007A2CE0 /* User.swift */ = {isa = PBXFileReference; fileEncoding = 4; lastKnownFileType = sourcecode.swift; name = User.swift; path = Models/User.swift; sourceTree = "<group>"; };
		B796325B1AEA45C8007A2CE0 /* CheckInActivity.swift */ = {isa = PBXFileReference; fileEncoding = 4; lastKnownFileType = sourcecode.swift; path = CheckInActivity.swift; sourceTree = "<group>"; };
		B796325D1AECE1EA007A2CE0 /* FBFriend.swift */ = {isa = PBXFileReference; fileEncoding = 4; lastKnownFileType = sourcecode.swift; name = FBFriend.swift; path = Models/FBFriend.swift; sourceTree = "<group>"; };
		B796325F1AEF85B8007A2CE0 /* TUPrimaryButton.swift */ = {isa = PBXFileReference; fileEncoding = 4; lastKnownFileType = sourcecode.swift; name = TUPrimaryButton.swift; path = Views/TUPrimaryButton.swift; sourceTree = "<group>"; };
		B79632611AEF8693007A2CE0 /* TUSecondaryButton.swift */ = {isa = PBXFileReference; fileEncoding = 4; lastKnownFileType = sourcecode.swift; name = TUSecondaryButton.swift; path = Views/TUSecondaryButton.swift; sourceTree = "<group>"; };
		B7A7D7FD1B6E045800FDDE4A /* FriendsTableViewController.swift */ = {isa = PBXFileReference; fileEncoding = 4; lastKnownFileType = sourcecode.swift; name = FriendsTableViewController.swift; path = Views/FriendsTableViewController.swift; sourceTree = "<group>"; };
		B7A7D7FF1B6E0A7C00FDDE4A /* SearchFriendsService.swift */ = {isa = PBXFileReference; fileEncoding = 4; lastKnownFileType = sourcecode.swift; name = SearchFriendsService.swift; path = Services/SearchFriendsService.swift; sourceTree = "<group>"; };
		B7A7D8011B6E0B3500FDDE4A /* SearchFriendsTableViewController.swift */ = {isa = PBXFileReference; fileEncoding = 4; lastKnownFileType = sourcecode.swift; name = SearchFriendsTableViewController.swift; path = Views/SearchFriendsTableViewController.swift; sourceTree = "<group>"; };
		B7A7D8031B6E10A400FDDE4A /* AddFriendRequestService.swift */ = {isa = PBXFileReference; fileEncoding = 4; lastKnownFileType = sourcecode.swift; name = AddFriendRequestService.swift; path = Services/AddFriendRequestService.swift; sourceTree = "<group>"; };
		B7A7D8051B6E10C100FDDE4A /* AcceptAddFriendRequestService.swift */ = {isa = PBXFileReference; fileEncoding = 4; lastKnownFileType = sourcecode.swift; name = AcceptAddFriendRequestService.swift; path = Services/AcceptAddFriendRequestService.swift; sourceTree = "<group>"; };
		B7A7D8081B6E10F300FDDE4A /* DeclineFriendRequestService.swift */ = {isa = PBXFileReference; fileEncoding = 4; lastKnownFileType = sourcecode.swift; name = DeclineFriendRequestService.swift; path = Services/DeclineFriendRequestService.swift; sourceTree = "<group>"; };
		B7A7D80A1B70BC0E00FDDE4A /* GetNewFriendRequestService.swift */ = {isa = PBXFileReference; fileEncoding = 4; lastKnownFileType = sourcecode.swift; name = GetNewFriendRequestService.swift; path = Services/GetNewFriendRequestService.swift; sourceTree = "<group>"; };
		B7AB4CE51B48E9BA00245ECF /* PickDriverViewController.swift */ = {isa = PBXFileReference; fileEncoding = 4; lastKnownFileType = sourcecode.swift; name = PickDriverViewController.swift; path = Views/PickDriverViewController.swift; sourceTree = "<group>"; };
		B7AB4CE71B49316900245ECF /* PickDriverTableViewCell.swift */ = {isa = PBXFileReference; fileEncoding = 4; lastKnownFileType = sourcecode.swift; name = PickDriverTableViewCell.swift; path = Views/PickDriverTableViewCell.swift; sourceTree = "<group>"; };
		B7AB4CE91B493B8C00245ECF /* PickDriverService.swift */ = {isa = PBXFileReference; fileEncoding = 4; lastKnownFileType = sourcecode.swift; name = PickDriverService.swift; path = Services/PickDriverService.swift; sourceTree = "<group>"; };
		B7AB4CEB1B4BCA4400245ECF /* FriendTableViewCell.swift */ = {isa = PBXFileReference; fileEncoding = 4; lastKnownFileType = sourcecode.swift; name = FriendTableViewCell.swift; path = Views/FriendTableViewCell.swift; sourceTree = "<group>"; };
		B7AB4CED1B4BCCBD00245ECF /* SelectFriendsTableViewController.swift */ = {isa = PBXFileReference; fileEncoding = 4; lastKnownFileType = sourcecode.swift; name = SelectFriendsTableViewController.swift; path = Views/SelectFriendsTableViewController.swift; sourceTree = "<group>"; };
		B7AB4CEF1B4E5FAE00245ECF /* GooglePlaceDetailsService.swift */ = {isa = PBXFileReference; fileEncoding = 4; lastKnownFileType = sourcecode.swift; name = GooglePlaceDetailsService.swift; path = Services/GooglePlaceDetailsService.swift; sourceTree = "<group>"; };
		B7AB4CF11B4E6CD200245ECF /* EntranceToGoliathRoute.plist */ = {isa = PBXFileReference; fileEncoding = 4; lastKnownFileType = text.plist.xml; path = EntranceToGoliathRoute.plist; sourceTree = "<group>"; };
		B7AB4CF31B53AFF300245ECF /* GetGroupTripService.swift */ = {isa = PBXFileReference; fileEncoding = 4; lastKnownFileType = sourcecode.swift; name = GetGroupTripService.swift; path = Services/GetGroupTripService.swift; sourceTree = "<group>"; };
		B7AB4CF51B54EE6300245ECF /* GroupTrip.swift */ = {isa = PBXFileReference; fileEncoding = 4; lastKnownFileType = sourcecode.swift; name = GroupTrip.swift; path = Models/GroupTrip.swift; sourceTree = "<group>"; };
		B7AB4CF71B54F66900245ECF /* GroupTripDetailsViewController.swift */ = {isa = PBXFileReference; fileEncoding = 4; lastKnownFileType = sourcecode.swift; name = GroupTripDetailsViewController.swift; path = Views/GroupTripDetailsViewController.swift; sourceTree = "<group>"; };
		B7AB4CF81B54F66900245ECF /* GroupTripDetailsViewController.xib */ = {isa = PBXFileReference; fileEncoding = 4; lastKnownFileType = file.xib; name = GroupTripDetailsViewController.xib; path = Views/GroupTripDetailsViewController.xib; sourceTree = "<group>"; };
		B7B753201B01E4B800070919 /* GetUserProfileService.swift */ = {isa = PBXFileReference; fileEncoding = 4; lastKnownFileType = sourcecode.swift; name = GetUserProfileService.swift; path = Services/GetUserProfileService.swift; sourceTree = "<group>"; };
		B7B753221B01E79200070919 /* TUComment.swift */ = {isa = PBXFileReference; fileEncoding = 4; lastKnownFileType = sourcecode.swift; name = TUComment.swift; path = Models/TUComment.swift; sourceTree = "<group>"; };
		B7B753261B01EC8200070919 /* SwiftyJSON.swift */ = {isa = PBXFileReference; fileEncoding = 4; lastKnownFileType = sourcecode.swift; path = SwiftyJSON.swift; sourceTree = "<group>"; };
		B7B753281B01FBD900070919 /* ActivityList.json */ = {isa = PBXFileReference; fileEncoding = 4; lastKnownFileType = text.json; path = ActivityList.json; sourceTree = "<group>"; };
		B7CB4C191B5A2AFE00C86038 /* GetMyTripService.swift */ = {isa = PBXFileReference; fileEncoding = 4; lastKnownFileType = sourcecode.swift; name = GetMyTripService.swift; path = Services/GetMyTripService.swift; sourceTree = "<group>"; };
		B7CB4C1B1B5A3DE700C86038 /* JoinAsPassenger.storyboard */ = {isa = PBXFileReference; fileEncoding = 4; lastKnownFileType = file.storyboard; name = JoinAsPassenger.storyboard; path = Views/JoinAsPassenger.storyboard; sourceTree = "<group>"; };
		B7CB4C1D1B5A3E3F00C86038 /* JoinAsPassengerTableViewController.swift */ = {isa = PBXFileReference; fileEncoding = 4; lastKnownFileType = sourcecode.swift; name = JoinAsPassengerTableViewController.swift; path = Views/JoinAsPassengerTableViewController.swift; sourceTree = "<group>"; };
		B7CB4C1F1B5BB09300C86038 /* HideFriendsTripRequestService.swift */ = {isa = PBXFileReference; fileEncoding = 4; lastKnownFileType = sourcecode.swift; name = HideFriendsTripRequestService.swift; path = Services/HideFriendsTripRequestService.swift; sourceTree = "<group>"; };
		B7CB4C211B5CE29700C86038 /* DeleteTripService.swift */ = {isa = PBXFileReference; fileEncoding = 4; lastKnownFileType = sourcecode.swift; name = DeleteTripService.swift; path = Services/DeleteTripService.swift; sourceTree = "<group>"; };
		B7CB4C241B5CF19300C86038 /* JoinGroupTripService.swift */ = {isa = PBXFileReference; fileEncoding = 4; lastKnownFileType = sourcecode.swift; name = JoinGroupTripService.swift; path = Services/JoinGroupTripService.swift; sourceTree = "<group>"; };
		B7CB4C261B662CD000C86038 /* TULog.swift */ = {isa = PBXFileReference; fileEncoding = 4; lastKnownFileType = sourcecode.swift; name = TULog.swift; path = Core/TULog.swift; sourceTree = "<group>"; };
		B7DEEDC31AE23D740041A962 /* Session.swift */ = {isa = PBXFileReference; fileEncoding = 4; lastKnownFileType = sourcecode.swift; name = Session.swift; path = Core/Session.swift; sourceTree = "<group>"; };
		B7ED267F1B380E49001F1656 /* GetTripOffersService.swift */ = {isa = PBXFileReference; fileEncoding = 4; lastKnownFileType = sourcecode.swift; name = GetTripOffersService.swift; path = Services/GetTripOffersService.swift; sourceTree = "<group>"; };
		B7ED26811B38199A001F1656 /* UpdateDeviceTokenService.swift */ = {isa = PBXFileReference; fileEncoding = 4; lastKnownFileType = sourcecode.swift; name = UpdateDeviceTokenService.swift; path = Services/UpdateDeviceTokenService.swift; sourceTree = "<group>"; };
		B7ED26831B3E912B001F1656 /* GetPairedTripService.swift */ = {isa = PBXFileReference; fileEncoding = 4; lastKnownFileType = sourcecode.swift; name = GetPairedTripService.swift; path = Services/GetPairedTripService.swift; sourceTree = "<group>"; };
		B7F040351B0B2A1800D9EEFF /* GooglePlaceAutocompleteService.swift */ = {isa = PBXFileReference; fileEncoding = 4; lastKnownFileType = sourcecode.swift; name = GooglePlaceAutocompleteService.swift; path = Services/GooglePlaceAutocompleteService.swift; sourceTree = "<group>"; };
		B7F040371B0B385A00D9EEFF /* TUSearchDisplayController.swift */ = {isa = PBXFileReference; fileEncoding = 4; lastKnownFileType = sourcecode.swift; name = TUSearchDisplayController.swift; path = Views/TUSearchDisplayController.swift; sourceTree = "<group>"; };
		B7FB294A1AE63E4500917B14 /* SelectPlacesTableViewController.swift */ = {isa = PBXFileReference; fileEncoding = 4; lastKnownFileType = sourcecode.swift; name = SelectPlacesTableViewController.swift; path = Views/SelectPlacesTableViewController.swift; sourceTree = "<group>"; };
		E85E1ED06C8611C074F2CEA1 /* Pods.release.xcconfig */ = {isa = PBXFileReference; includeInIndex = 1; lastKnownFileType = text.xcconfig; name = Pods.release.xcconfig; path = "Pods/Target Support Files/Pods/Pods.release.xcconfig"; sourceTree = "<group>"; };
/* End PBXFileReference section */

/* Begin PBXFrameworksBuildPhase section */
		B741914F1ADA6BAF0051E237 /* Frameworks */ = {
			isa = PBXFrameworksBuildPhase;
			buildActionMask = 2147483647;
			files = (
				B75DC8DB1B2AD8B7008AB5DE /* MapKit.framework in Frameworks */,
				63C6CC14754FD88A4C0241E7 /* libPods.a in Frameworks */,
			);
			runOnlyForDeploymentPostprocessing = 0;
		};
		B74191641ADA6BAF0051E237 /* Frameworks */ = {
			isa = PBXFrameworksBuildPhase;
			buildActionMask = 2147483647;
			files = (
			);
			runOnlyForDeploymentPostprocessing = 0;
		};
/* End PBXFrameworksBuildPhase section */

/* Begin PBXGroup section */
		08365B2CBAD49660409B6E0F /* Pods */ = {
			isa = PBXGroup;
			children = (
				0D5111C67A8B503EDDD4C8E4 /* Pods.debug.xcconfig */,
				E85E1ED06C8611C074F2CEA1 /* Pods.release.xcconfig */,
			);
			name = Pods;
			sourceTree = "<group>";
		};
		36178354192DC889C3A17C65 /* Frameworks */ = {
			isa = PBXGroup;
			children = (
				B75DC8DA1B2AD8B7008AB5DE /* MapKit.framework */,
				AC0B8F4B6ED9958BD796D8C1 /* libPods.a */,
			);
			name = Frameworks;
			sourceTree = "<group>";
		};
		B70775261B0DCCF80089673C /* Trip */ = {
			isa = PBXGroup;
			children = (
				B70775221B0C82430089673C /* CreateTripTableViewController.swift */,
				B70775291B0DCD4F0089673C /* ChooseLocationTableViewController.swift */,
				B75DC8D21B25829B008AB5DE /* TripTableViewCell.swift */,
				B75DC8D81B2585D6008AB5DE /* ActivityTableViewController.swift */,
				B75DC8DE1B2C22FF008AB5DE /* TripDetailsViewController.swift */,
				B7AB4CE51B48E9BA00245ECF /* PickDriverViewController.swift */,
				B7AB4CE71B49316900245ECF /* PickDriverTableViewCell.swift */,
				B7AB4CED1B4BCCBD00245ECF /* SelectFriendsTableViewController.swift */,
				B7AB4CF71B54F66900245ECF /* GroupTripDetailsViewController.swift */,
				B7AB4CF81B54F66900245ECF /* GroupTripDetailsViewController.xib */,
				B7CB4C1B1B5A3DE700C86038 /* JoinAsPassenger.storyboard */,
				B7CB4C1D1B5A3E3F00C86038 /* JoinAsPassengerTableViewController.swift */,
			);
			name = Trip;
			sourceTree = "<group>";
		};
		B719DCA81ADD13960035CBBF /* Service */ = {
			isa = PBXGroup;
			children = (
				B719DCA61ADD0D050035CBBF /* RegistrationService.swift */,
				B7CB4C231B5CF15500C86038 /* Login */,
				B720C4171AF0D8EC00DD1603 /* GooglePlaceSearchNearByService.swift */,
				B7A7D8071B6E10D400FDDE4A /* Friends */,
				B7817FE01AF22F01007FB7D8 /* CreateCheckInService.swift */,
				B7817FE21AF372D6007FB7D8 /* GetActivityService.swift */,
				B7B753201B01E4B800070919 /* GetUserProfileService.swift */,
				B7F040351B0B2A1800D9EEFF /* GooglePlaceAutocompleteService.swift */,
				B75DC8CA1B17132D008AB5DE /* CreateTripService.swift */,
				B75DC8CE1B23A66B008AB5DE /* GetTripService.swift */,
				B75DC8DC1B2C1ED0008AB5DE /* AcceptTripService.swift */,
				B7ED267F1B380E49001F1656 /* GetTripOffersService.swift */,
				B7ED26811B38199A001F1656 /* UpdateDeviceTokenService.swift */,
				B7ED26831B3E912B001F1656 /* GetPairedTripService.swift */,
				B7AB4CE91B493B8C00245ECF /* PickDriverService.swift */,
				B7AB4CEF1B4E5FAE00245ECF /* GooglePlaceDetailsService.swift */,
				B7AB4CF31B53AFF300245ECF /* GetGroupTripService.swift */,
				B7CB4C191B5A2AFE00C86038 /* GetMyTripService.swift */,
				B7CB4C1F1B5BB09300C86038 /* HideFriendsTripRequestService.swift */,
				B7CB4C211B5CE29700C86038 /* DeleteTripService.swift */,
				B7CB4C241B5CF19300C86038 /* JoinGroupTripService.swift */,
			);
			name = Service;
			sourceTree = "<group>";
		};
		B719DCAB1ADD14A30035CBBF /* Core */ = {
			isa = PBXGroup;
			children = (
				B741918F1ADBC3FE0051E237 /* KeyChainUtil.swift */,
				B719DCA91ADD14870035CBBF /* Command.swift */,
				B719DCAC1ADD234E0035CBBF /* Service.swift */,
				B7B753261B01EC8200070919 /* SwiftyJSON.swift */,
				B778C7591ADFBD6F001677FC /* UIUtil.swift */,
				B7DEEDC31AE23D740041A962 /* Session.swift */,
				B71A914E1AE252B3007277E9 /* Constant.swift */,
				B77561331AE7C290001354D6 /* UIColorExtention.swift */,
				B7CB4C261B662CD000C86038 /* TULog.swift */,
			);
			name = Core;
			sourceTree = "<group>";
		};
		B71A91561AE50031007277E9 /* CheckIn */ = {
			isa = PBXGroup;
			children = (
				B71A91541AE50027007277E9 /* CheckIn.storyboard */,
				B7FB294A1AE63E4500917B14 /* SelectPlacesTableViewController.swift */,
				B775612B1AE663E9001354D6 /* CheckInViewController.swift */,
			);
			name = CheckIn;
			sourceTree = "<group>";
		};
		B74191491ADA6BAF0051E237 = {
			isa = PBXGroup;
			children = (
				B74191541ADA6BAF0051E237 /* TURides */,
				B741916A1ADA6BAF0051E237 /* TURidesTests */,
				B74191531ADA6BAF0051E237 /* Products */,
				08365B2CBAD49660409B6E0F /* Pods */,
				36178354192DC889C3A17C65 /* Frameworks */,
			);
			sourceTree = "<group>";
		};
		B74191531ADA6BAF0051E237 /* Products */ = {
			isa = PBXGroup;
			children = (
				B74191521ADA6BAF0051E237 /* TURides.app */,
				B74191671ADA6BAF0051E237 /* TURidesTests.xctest */,
			);
			name = Products;
			sourceTree = "<group>";
		};
		B74191541ADA6BAF0051E237 /* TURides */ = {
			isa = PBXGroup;
			children = (
				B7AB4CF11B4E6CD200245ECF /* EntranceToGoliathRoute.plist */,
				B74191841ADA9B820051E237 /* Views */,
				B79632581AEA3968007A2CE0 /* Models */,
				B74191551ADA6BAF0051E237 /* Supporting Files */,
				B719DCAB1ADD14A30035CBBF /* Core */,
				B719DCA81ADD13960035CBBF /* Service */,
			);
			path = TURides;
			sourceTree = "<group>";
		};
		B74191551ADA6BAF0051E237 /* Supporting Files */ = {
			isa = PBXGroup;
			children = (
				B741915E1ADA6BAF0051E237 /* Images.xcassets */,
				B74191571ADA6BAF0051E237 /* AppDelegate.swift */,
				B74191601ADA6BAF0051E237 /* LaunchScreen.xib */,
				B74191771ADA73450051E237 /* Bridging-Header.h */,
				B74191561ADA6BAF0051E237 /* Info.plist */,
				B7B753281B01FBD900070919 /* ActivityList.json */,
			);
			name = "Supporting Files";
			sourceTree = "<group>";
		};
		B741916A1ADA6BAF0051E237 /* TURidesTests */ = {
			isa = PBXGroup;
			children = (
				B741916D1ADA6BAF0051E237 /* TURidesTests.swift */,
				B741916B1ADA6BAF0051E237 /* Supporting Files */,
			);
			path = TURidesTests;
			sourceTree = "<group>";
		};
		B741916B1ADA6BAF0051E237 /* Supporting Files */ = {
			isa = PBXGroup;
			children = (
				B741916C1ADA6BAF0051E237 /* Info.plist */,
			);
			name = "Supporting Files";
			sourceTree = "<group>";
		};
		B74191841ADA9B820051E237 /* Views */ = {
			isa = PBXGroup;
			children = (
				B7A7D7F91B6E03C600FDDE4A /* Friends */,
				B741918E1ADBBEBB0051E237 /* SharedControls */,
				B741918D1ADBBE720051E237 /* Login */,
				B71A91561AE50031007277E9 /* CheckIn */,
				B74191891ADBB91A0051E237 /* BaseViewController.swift */,
				B719DCAE1ADD26AB0035CBBF /* Main.storyboard */,
				B778C7571ADFB61A001677FC /* HomeViewController.swift */,
				B70775261B0DCCF80089673C /* Trip */,
				B75DC8CC1B20570F008AB5DE /* AddMenuViewController.swift */,
			);
			name = Views;
			sourceTree = "<group>";
		};
		B741918D1ADBBE720051E237 /* Login */ = {
			isa = PBXGroup;
			children = (
				B741918B1ADBBD5F0051E237 /* SignupViewController.swift */,
				B741917A1ADA8A1A0051E237 /* RegistrationViewController.swift */,
				B74191851ADA9E250051E237 /* LoginViewController.swift */,
				B74191781ADA87480051E237 /* Login.storyboard */,
				B775612F1AE7B009001354D6 /* InviteFacebookFriendsViewController.swift */,
			);
			name = Login;
			sourceTree = "<group>";
		};
		B741918E1ADBBEBB0051E237 /* SharedControls */ = {
			isa = PBXGroup;
			children = (
				B74191801ADA8EE20051E237 /* NavBarLogoView.swift */,
				B74191811ADA8EE20051E237 /* NavBarLogoView.xib */,
				B778C75B1ADFC34F001677FC /* TUTableViewCellType1TableViewCell.swift */,
				B778C75C1ADFC34F001677FC /* TUTableViewCellType1TableViewCell.xib */,
				B77561311AE7B35C001354D6 /* TUButton.swift */,
				B796325F1AEF85B8007A2CE0 /* TUPrimaryButton.swift */,
				B79632611AEF8693007A2CE0 /* TUSecondaryButton.swift */,
				B702951D1B00A5EF0007F668 /* MenuViewController.swift */,
				B702951E1B00A5EF0007F668 /* MenuViewController.xib */,
				B70295211B00AD6F0007F668 /* CircleImageView.swift */,
				B7F040371B0B385A00D9EEFF /* TUSearchDisplayController.swift */,
				B7AB4CEB1B4BCA4400245ECF /* FriendTableViewCell.swift */,
			);
			name = SharedControls;
			sourceTree = "<group>";
		};
		B79632581AEA3968007A2CE0 /* Models */ = {
			isa = PBXGroup;
			children = (
				B79632561AEA3961007A2CE0 /* BaseActivity.swift */,
				B79632591AEA39AA007A2CE0 /* User.swift */,
				B796325B1AEA45C8007A2CE0 /* CheckInActivity.swift */,
				B796325D1AECE1EA007A2CE0 /* FBFriend.swift */,
				B720C4191AF0E45700DD1603 /* GooglePlace.swift */,
				B7B753221B01E79200070919 /* TUComment.swift */,
				B749117A1B03467B0079275A /* Comment.swift */,
				B70775241B0C84CF0089673C /* GooglePlaceAutoCompleteDataSource.swift */,
				B75DC8D41B258363008AB5DE /* Trip.swift */,
				B74F4B3B1B47D2DD00F760BA /* TripOffer.swift */,
				B7AB4CF51B54EE6300245ECF /* GroupTrip.swift */,
			);
			name = Models;
			sourceTree = "<group>";
		};
		B7A7D7F91B6E03C600FDDE4A /* Friends */ = {
			isa = PBXGroup;
			children = (
				B7A7D7FD1B6E045800FDDE4A /* FriendsTableViewController.swift */,
				B7A7D8011B6E0B3500FDDE4A /* SearchFriendsTableViewController.swift */,
			);
			name = Friends;
			sourceTree = "<group>";
		};
		B7A7D8071B6E10D400FDDE4A /* Friends */ = {
			isa = PBXGroup;
			children = (
				B7A7D8051B6E10C100FDDE4A /* AcceptAddFriendRequestService.swift */,
				B7A7D7FF1B6E0A7C00FDDE4A /* SearchFriendsService.swift */,
				B7A7D8031B6E10A400FDDE4A /* AddFriendRequestService.swift */,
				B7A7D8081B6E10F300FDDE4A /* DeclineFriendRequestService.swift */,
				B7A7D80A1B70BC0E00FDDE4A /* GetNewFriendRequestService.swift */,
			);
			name = Friends;
			sourceTree = "<group>";
		};
		B7CB4C231B5CF15500C86038 /* Login */ = {
			isa = PBXGroup;
			children = (
				B778C75F1AE0EF21001677FC /* FacebookLoginService.swift */,
				B778C7611AE1100A001677FC /* LoginService.swift */,
				B778C7631AE110B1001677FC /* LogoutService.swift */,
			);
			name = Login;
			sourceTree = "<group>";
		};
/* End PBXGroup section */

/* Begin PBXNativeTarget section */
		B74191511ADA6BAF0051E237 /* TURides */ = {
			isa = PBXNativeTarget;
			buildConfigurationList = B74191711ADA6BAF0051E237 /* Build configuration list for PBXNativeTarget "TURides" */;
			buildPhases = (
				FDA418B3FAC10F2A98AF5F76 /* Check Pods Manifest.lock */,
				B741914E1ADA6BAF0051E237 /* Sources */,
				B741914F1ADA6BAF0051E237 /* Frameworks */,
				B74191501ADA6BAF0051E237 /* Resources */,
				45F7963E670D5C028A0F5C7A /* Copy Pods Resources */,
			);
			buildRules = (
			);
			dependencies = (
			);
			name = TURides;
			productName = TURides;
			productReference = B74191521ADA6BAF0051E237 /* TURides.app */;
			productType = "com.apple.product-type.application";
		};
		B74191661ADA6BAF0051E237 /* TURidesTests */ = {
			isa = PBXNativeTarget;
			buildConfigurationList = B74191741ADA6BAF0051E237 /* Build configuration list for PBXNativeTarget "TURidesTests" */;
			buildPhases = (
				B74191631ADA6BAF0051E237 /* Sources */,
				B74191641ADA6BAF0051E237 /* Frameworks */,
				B74191651ADA6BAF0051E237 /* Resources */,
			);
			buildRules = (
			);
			dependencies = (
				B74191691ADA6BAF0051E237 /* PBXTargetDependency */,
			);
			name = TURidesTests;
			productName = TURidesTests;
			productReference = B74191671ADA6BAF0051E237 /* TURidesTests.xctest */;
			productType = "com.apple.product-type.bundle.unit-test";
		};
/* End PBXNativeTarget section */

/* Begin PBXProject section */
		B741914A1ADA6BAF0051E237 /* Project object */ = {
			isa = PBXProject;
			attributes = {
				LastUpgradeCheck = 0630;
				TargetAttributes = {
					B74191511ADA6BAF0051E237 = {
						CreatedOnToolsVersion = 6.3;
						DevelopmentTeam = 4DPCKKAS56;
					};
					B74191661ADA6BAF0051E237 = {
						CreatedOnToolsVersion = 6.3;
						TestTargetID = B74191511ADA6BAF0051E237;
					};
				};
			};
			buildConfigurationList = B741914D1ADA6BAF0051E237 /* Build configuration list for PBXProject "TURides" */;
			compatibilityVersion = "Xcode 3.2";
			developmentRegion = English;
			hasScannedForEncodings = 0;
			knownRegions = (
				en,
				Base,
			);
			mainGroup = B74191491ADA6BAF0051E237;
			productRefGroup = B74191531ADA6BAF0051E237 /* Products */;
			projectDirPath = "";
			projectRoot = "";
			targets = (
				B74191511ADA6BAF0051E237 /* TURides */,
				B74191661ADA6BAF0051E237 /* TURidesTests */,
			);
		};
/* End PBXProject section */

/* Begin PBXResourcesBuildPhase section */
		B74191501ADA6BAF0051E237 /* Resources */ = {
			isa = PBXResourcesBuildPhase;
			buildActionMask = 2147483647;
			files = (
				B74191791ADA87480051E237 /* Login.storyboard in Resources */,
				B7CB4C1C1B5A3DE700C86038 /* JoinAsPassenger.storyboard in Resources */,
				B719DCAF1ADD26AB0035CBBF /* Main.storyboard in Resources */,
				B7AB4CFA1B54F66900245ECF /* GroupTripDetailsViewController.xib in Resources */,
				B74191831ADA8EE20051E237 /* NavBarLogoView.xib in Resources */,
				B70295201B00A5EF0007F668 /* MenuViewController.xib in Resources */,
				B7AB4CF21B4E6CD200245ECF /* EntranceToGoliathRoute.plist in Resources */,
				B74191621ADA6BAF0051E237 /* LaunchScreen.xib in Resources */,
				B778C75E1ADFC34F001677FC /* TUTableViewCellType1TableViewCell.xib in Resources */,
				B7B753291B01FBD900070919 /* ActivityList.json in Resources */,
				B71A91551AE50027007277E9 /* CheckIn.storyboard in Resources */,
				B741915F1ADA6BAF0051E237 /* Images.xcassets in Resources */,
			);
			runOnlyForDeploymentPostprocessing = 0;
		};
		B74191651ADA6BAF0051E237 /* Resources */ = {
			isa = PBXResourcesBuildPhase;
			buildActionMask = 2147483647;
			files = (
			);
			runOnlyForDeploymentPostprocessing = 0;
		};
/* End PBXResourcesBuildPhase section */

/* Begin PBXShellScriptBuildPhase section */
		45F7963E670D5C028A0F5C7A /* Copy Pods Resources */ = {
			isa = PBXShellScriptBuildPhase;
			buildActionMask = 2147483647;
			files = (
			);
			inputPaths = (
			);
			name = "Copy Pods Resources";
			outputPaths = (
			);
			runOnlyForDeploymentPostprocessing = 0;
			shellPath = /bin/sh;
			shellScript = "\"${SRCROOT}/Pods/Target Support Files/Pods/Pods-resources.sh\"\n";
			showEnvVarsInLog = 0;
		};
		FDA418B3FAC10F2A98AF5F76 /* Check Pods Manifest.lock */ = {
			isa = PBXShellScriptBuildPhase;
			buildActionMask = 2147483647;
			files = (
			);
			inputPaths = (
			);
			name = "Check Pods Manifest.lock";
			outputPaths = (
			);
			runOnlyForDeploymentPostprocessing = 0;
			shellPath = /bin/sh;
			shellScript = "diff \"${PODS_ROOT}/../Podfile.lock\" \"${PODS_ROOT}/Manifest.lock\" > /dev/null\nif [[ $? != 0 ]] ; then\n    cat << EOM\nerror: The sandbox is not in sync with the Podfile.lock. Run 'pod install' or update your CocoaPods installation.\nEOM\n    exit 1\nfi\n";
			showEnvVarsInLog = 0;
		};
/* End PBXShellScriptBuildPhase section */

/* Begin PBXSourcesBuildPhase section */
		B741914E1ADA6BAF0051E237 /* Sources */ = {
			isa = PBXSourcesBuildPhase;
			buildActionMask = 2147483647;
			files = (
				B7CB4C1A1B5A2AFE00C86038 /* GetMyTripService.swift in Sources */,
				B7A7D8061B6E10C100FDDE4A /* AcceptAddFriendRequestService.swift in Sources */,
				B77561321AE7B35C001354D6 /* TUButton.swift in Sources */,
				B7A7D8041B6E10A400FDDE4A /* AddFriendRequestService.swift in Sources */,
				B7A7D7FE1B6E045800FDDE4A /* FriendsTableViewController.swift in Sources */,
				B719DCA71ADD0D050035CBBF /* RegistrationService.swift in Sources */,
				B7AB4CEA1B493B8C00245ECF /* PickDriverService.swift in Sources */,
				B7DEEDC41AE23D740041A962 /* Session.swift in Sources */,
				B7ED26801B380E49001F1656 /* GetTripOffersService.swift in Sources */,
				B7A7D8021B6E0B3500FDDE4A /* SearchFriendsTableViewController.swift in Sources */,
				B796325A1AEA39AA007A2CE0 /* User.swift in Sources */,
				B77561341AE7C290001354D6 /* UIColorExtention.swift in Sources */,
				B75DC8CB1B17132D008AB5DE /* CreateTripService.swift in Sources */,
				B741918C1ADBBD5F0051E237 /* SignupViewController.swift in Sources */,
				B75DC8CD1B20570F008AB5DE /* AddMenuViewController.swift in Sources */,
				B79632571AEA3961007A2CE0 /* BaseActivity.swift in Sources */,
				B7CB4C201B5BB09300C86038 /* HideFriendsTripRequestService.swift in Sources */,
				B7AB4CF91B54F66900245ECF /* GroupTripDetailsViewController.swift in Sources */,
				B7B753271B01EC8200070919 /* SwiftyJSON.swift in Sources */,
				B74F4B3C1B47D2DD00F760BA /* TripOffer.swift in Sources */,
				B75DC8DF1B2C22FF008AB5DE /* TripDetailsViewController.swift in Sources */,
				B79632621AEF8693007A2CE0 /* TUSecondaryButton.swift in Sources */,
				B77561301AE7B009001354D6 /* InviteFacebookFriendsViewController.swift in Sources */,
				B7ED26841B3E912B001F1656 /* GetPairedTripService.swift in Sources */,
				B796325C1AEA45C8007A2CE0 /* CheckInActivity.swift in Sources */,
				B7817FE31AF372D6007FB7D8 /* GetActivityService.swift in Sources */,
				B7ED26821B38199A001F1656 /* UpdateDeviceTokenService.swift in Sources */,
				B7A7D8001B6E0A7C00FDDE4A /* SearchFriendsService.swift in Sources */,
				B702951F1B00A5EF0007F668 /* MenuViewController.swift in Sources */,
				B7CB4C271B662CD000C86038 /* TULog.swift in Sources */,
				B7A7D80B1B70BC0E00FDDE4A /* GetNewFriendRequestService.swift in Sources */,
				B74191901ADBC3FE0051E237 /* KeyChainUtil.swift in Sources */,
				B7AB4CF61B54EE6300245ECF /* GroupTrip.swift in Sources */,
				B75DC8CF1B23A66B008AB5DE /* GetTripService.swift in Sources */,
				B778C75A1ADFBD6F001677FC /* UIUtil.swift in Sources */,
				B7AB4CF41B53AFF300245ECF /* GetGroupTripService.swift in Sources */,
				B796325E1AECE1EA007A2CE0 /* FBFriend.swift in Sources */,
				B741918A1ADBB91A0051E237 /* BaseViewController.swift in Sources */,
				B7CB4C221B5CE29700C86038 /* DeleteTripService.swift in Sources */,
				B778C75D1ADFC34F001677FC /* TUTableViewCellType1TableViewCell.swift in Sources */,
				B7AB4CEC1B4BCA4400245ECF /* FriendTableViewCell.swift in Sources */,
				B7AB4CE61B48E9BA00245ECF /* PickDriverViewController.swift in Sources */,
				B70775251B0C84CF0089673C /* GooglePlaceAutoCompleteDataSource.swift in Sources */,
				B7817FE11AF22F01007FB7D8 /* CreateCheckInService.swift in Sources */,
				B7F040361B0B2A1800D9EEFF /* GooglePlaceAutocompleteService.swift in Sources */,
				B74191861ADA9E250051E237 /* LoginViewController.swift in Sources */,
				B778C7621AE1100A001677FC /* LoginService.swift in Sources */,
				B7AB4CEE1B4BCCBD00245ECF /* SelectFriendsTableViewController.swift in Sources */,
				B7AB4CF01B4E5FAE00245ECF /* GooglePlaceDetailsService.swift in Sources */,
				B719DCAA1ADD14870035CBBF /* Command.swift in Sources */,
				B7FB294B1AE63E4500917B14 /* SelectPlacesTableViewController.swift in Sources */,
				B778C7641AE110B1001677FC /* LogoutService.swift in Sources */,
				B70295221B00AD6F0007F668 /* CircleImageView.swift in Sources */,
				B7CB4C251B5CF19300C86038 /* JoinGroupTripService.swift in Sources */,
				B71A914F1AE252B3007277E9 /* Constant.swift in Sources */,
				B74191821ADA8EE20051E237 /* NavBarLogoView.swift in Sources */,
				B7AB4CE81B49316900245ECF /* PickDriverTableViewCell.swift in Sources */,
				B7CB4C1E1B5A3E3F00C86038 /* JoinAsPassengerTableViewController.swift in Sources */,
				B70775231B0C82430089673C /* CreateTripTableViewController.swift in Sources */,
				B75DC8D51B258363008AB5DE /* Trip.swift in Sources */,
				B775612C1AE663E9001354D6 /* CheckInViewController.swift in Sources */,
				B7A7D8091B6E10F300FDDE4A /* DeclineFriendRequestService.swift in Sources */,
				B778C7601AE0EF21001677FC /* FacebookLoginService.swift in Sources */,
				B75DC8D91B2585D6008AB5DE /* ActivityTableViewController.swift in Sources */,
				B778C7581ADFB61A001677FC /* HomeViewController.swift in Sources */,
				B75DC8D31B25829B008AB5DE /* TripTableViewCell.swift in Sources */,
				B719DCAD1ADD234E0035CBBF /* Service.swift in Sources */,
				B79632601AEF85B8007A2CE0 /* TUPrimaryButton.swift in Sources */,
				B7B753231B01E79200070919 /* TUComment.swift in Sources */,
				B7B753211B01E4B800070919 /* GetUserProfileService.swift in Sources */,
				B749117B1B03467B0079275A /* Comment.swift in Sources */,
				B720C4181AF0D8EC00DD1603 /* GooglePlaceSearchNearByService.swift in Sources */,
				B741917B1ADA8A1A0051E237 /* RegistrationViewController.swift in Sources */,
				B74191581ADA6BAF0051E237 /* AppDelegate.swift in Sources */,
				B75DC8DD1B2C1ED0008AB5DE /* AcceptTripService.swift in Sources */,
				B720C41A1AF0E45700DD1603 /* GooglePlace.swift in Sources */,
				B7F040381B0B385A00D9EEFF /* TUSearchDisplayController.swift in Sources */,
				B707752A1B0DCD4F0089673C /* ChooseLocationTableViewController.swift in Sources */,
			);
			runOnlyForDeploymentPostprocessing = 0;
		};
		B74191631ADA6BAF0051E237 /* Sources */ = {
			isa = PBXSourcesBuildPhase;
			buildActionMask = 2147483647;
			files = (
				B741916E1ADA6BAF0051E237 /* TURidesTests.swift in Sources */,
			);
			runOnlyForDeploymentPostprocessing = 0;
		};
/* End PBXSourcesBuildPhase section */

/* Begin PBXTargetDependency section */
		B74191691ADA6BAF0051E237 /* PBXTargetDependency */ = {
			isa = PBXTargetDependency;
			target = B74191511ADA6BAF0051E237 /* TURides */;
			targetProxy = B74191681ADA6BAF0051E237 /* PBXContainerItemProxy */;
		};
/* End PBXTargetDependency section */

/* Begin PBXVariantGroup section */
		B74191601ADA6BAF0051E237 /* LaunchScreen.xib */ = {
			isa = PBXVariantGroup;
			children = (
				B74191611ADA6BAF0051E237 /* Base */,
			);
			name = LaunchScreen.xib;
			sourceTree = "<group>";
		};
/* End PBXVariantGroup section */

/* Begin XCBuildConfiguration section */
		B741916F1ADA6BAF0051E237 /* Debug */ = {
			isa = XCBuildConfiguration;
			buildSettings = {
				ALWAYS_SEARCH_USER_PATHS = NO;
				CLANG_CXX_LANGUAGE_STANDARD = "gnu++0x";
				CLANG_CXX_LIBRARY = "libc++";
				CLANG_ENABLE_MODULES = YES;
				CLANG_ENABLE_OBJC_ARC = YES;
				CLANG_WARN_BOOL_CONVERSION = YES;
				CLANG_WARN_CONSTANT_CONVERSION = YES;
				CLANG_WARN_DIRECT_OBJC_ISA_USAGE = YES_ERROR;
				CLANG_WARN_EMPTY_BODY = YES;
				CLANG_WARN_ENUM_CONVERSION = YES;
				CLANG_WARN_INT_CONVERSION = YES;
				CLANG_WARN_OBJC_ROOT_CLASS = YES_ERROR;
				CLANG_WARN_UNREACHABLE_CODE = YES;
				CLANG_WARN__DUPLICATE_METHOD_MATCH = YES;
				"CODE_SIGN_IDENTITY[sdk=iphoneos*]" = "iPhone Developer";
				COPY_PHASE_STRIP = NO;
				DEBUG_INFORMATION_FORMAT = "dwarf-with-dsym";
				ENABLE_STRICT_OBJC_MSGSEND = YES;
				GCC_C_LANGUAGE_STANDARD = gnu99;
				GCC_DYNAMIC_NO_PIC = NO;
				GCC_NO_COMMON_BLOCKS = YES;
				GCC_OPTIMIZATION_LEVEL = 0;
				GCC_PREPROCESSOR_DEFINITIONS = (
					"DEBUG=1",
					"$(inherited)",
				);
				GCC_SYMBOLS_PRIVATE_EXTERN = NO;
				GCC_WARN_64_TO_32_BIT_CONVERSION = YES;
				GCC_WARN_ABOUT_RETURN_TYPE = YES_ERROR;
				GCC_WARN_UNDECLARED_SELECTOR = YES;
				GCC_WARN_UNINITIALIZED_AUTOS = YES_AGGRESSIVE;
				GCC_WARN_UNUSED_FUNCTION = YES;
				GCC_WARN_UNUSED_VARIABLE = YES;
				IPHONEOS_DEPLOYMENT_TARGET = 8.3;
				MTL_ENABLE_DEBUG_INFO = YES;
				ONLY_ACTIVE_ARCH = YES;
				SDKROOT = iphoneos;
				SWIFT_OPTIMIZATION_LEVEL = "-Onone";
			};
			name = Debug;
		};
		B74191701ADA6BAF0051E237 /* Release */ = {
			isa = XCBuildConfiguration;
			buildSettings = {
				ALWAYS_SEARCH_USER_PATHS = NO;
				CLANG_CXX_LANGUAGE_STANDARD = "gnu++0x";
				CLANG_CXX_LIBRARY = "libc++";
				CLANG_ENABLE_MODULES = YES;
				CLANG_ENABLE_OBJC_ARC = YES;
				CLANG_WARN_BOOL_CONVERSION = YES;
				CLANG_WARN_CONSTANT_CONVERSION = YES;
				CLANG_WARN_DIRECT_OBJC_ISA_USAGE = YES_ERROR;
				CLANG_WARN_EMPTY_BODY = YES;
				CLANG_WARN_ENUM_CONVERSION = YES;
				CLANG_WARN_INT_CONVERSION = YES;
				CLANG_WARN_OBJC_ROOT_CLASS = YES_ERROR;
				CLANG_WARN_UNREACHABLE_CODE = YES;
				CLANG_WARN__DUPLICATE_METHOD_MATCH = YES;
				"CODE_SIGN_IDENTITY[sdk=iphoneos*]" = "iPhone Developer";
				COPY_PHASE_STRIP = NO;
				DEBUG_INFORMATION_FORMAT = "dwarf-with-dsym";
				ENABLE_NS_ASSERTIONS = NO;
				ENABLE_STRICT_OBJC_MSGSEND = YES;
				GCC_C_LANGUAGE_STANDARD = gnu99;
				GCC_NO_COMMON_BLOCKS = YES;
				GCC_WARN_64_TO_32_BIT_CONVERSION = YES;
				GCC_WARN_ABOUT_RETURN_TYPE = YES_ERROR;
				GCC_WARN_UNDECLARED_SELECTOR = YES;
				GCC_WARN_UNINITIALIZED_AUTOS = YES_AGGRESSIVE;
				GCC_WARN_UNUSED_FUNCTION = YES;
				GCC_WARN_UNUSED_VARIABLE = YES;
				IPHONEOS_DEPLOYMENT_TARGET = 8.3;
				MTL_ENABLE_DEBUG_INFO = NO;
				SDKROOT = iphoneos;
				VALIDATE_PRODUCT = YES;
			};
			name = Release;
		};
		B74191721ADA6BAF0051E237 /* Debug */ = {
			isa = XCBuildConfiguration;
			baseConfigurationReference = 0D5111C67A8B503EDDD4C8E4 /* Pods.debug.xcconfig */;
			buildSettings = {
				ASSETCATALOG_COMPILER_APPICON_NAME = AppIcon;
				CODE_SIGN_IDENTITY = "iPhone Developer: Lunan Hui (53L7M4P59D)";
				"CODE_SIGN_IDENTITY[sdk=iphoneos*]" = "iPhone Developer";
				INFOPLIST_FILE = TURides/Info.plist;
				IPHONEOS_DEPLOYMENT_TARGET = 7.1;
				LD_RUNPATH_SEARCH_PATHS = "$(inherited) @executable_path/Frameworks";
				PRODUCT_NAME = "$(TARGET_NAME)";
				PROVISIONING_PROFILE = "582e88dd-9ce0-46c1-bfa1-39b6006ccbda";
				SWIFT_OBJC_BRIDGING_HEADER = "TURides/Bridging-Header.h";
			};
			name = Debug;
		};
		B74191731ADA6BAF0051E237 /* Release */ = {
			isa = XCBuildConfiguration;
			baseConfigurationReference = E85E1ED06C8611C074F2CEA1 /* Pods.release.xcconfig */;
			buildSettings = {
				ASSETCATALOG_COMPILER_APPICON_NAME = AppIcon;
				CODE_SIGN_IDENTITY = "iPhone Developer";
				"CODE_SIGN_IDENTITY[sdk=iphoneos*]" = "iPhone Developer";
				INFOPLIST_FILE = TURides/Info.plist;
				IPHONEOS_DEPLOYMENT_TARGET = 7.1;
				LD_RUNPATH_SEARCH_PATHS = "$(inherited) @executable_path/Frameworks";
				PRODUCT_NAME = "$(TARGET_NAME)";
				PROVISIONING_PROFILE = "9fecf992-8ede-4cbb-a232-e355e8f4ba18";
				SWIFT_OBJC_BRIDGING_HEADER = "TURides/Bridging-Header.h";
			};
			name = Release;
		};
		B74191751ADA6BAF0051E237 /* Debug */ = {
			isa = XCBuildConfiguration;
			buildSettings = {
				BUNDLE_LOADER = "$(TEST_HOST)";
				FRAMEWORK_SEARCH_PATHS = (
					"$(SDKROOT)/Developer/Library/Frameworks",
					"$(inherited)",
				);
				GCC_PREPROCESSOR_DEFINITIONS = (
					"DEBUG=1",
					"$(inherited)",
				);
				INFOPLIST_FILE = TURidesTests/Info.plist;
				LD_RUNPATH_SEARCH_PATHS = "$(inherited) @executable_path/Frameworks @loader_path/Frameworks";
				PRODUCT_NAME = "$(TARGET_NAME)";
				TEST_HOST = "$(BUILT_PRODUCTS_DIR)/TURides.app/TURides";
			};
			name = Debug;
		};
		B74191761ADA6BAF0051E237 /* Release */ = {
			isa = XCBuildConfiguration;
			buildSettings = {
				BUNDLE_LOADER = "$(TEST_HOST)";
				FRAMEWORK_SEARCH_PATHS = (
					"$(SDKROOT)/Developer/Library/Frameworks",
					"$(inherited)",
				);
				INFOPLIST_FILE = TURidesTests/Info.plist;
				LD_RUNPATH_SEARCH_PATHS = "$(inherited) @executable_path/Frameworks @loader_path/Frameworks";
				PRODUCT_NAME = "$(TARGET_NAME)";
				TEST_HOST = "$(BUILT_PRODUCTS_DIR)/TURides.app/TURides";
			};
			name = Release;
		};
/* End XCBuildConfiguration section */

/* Begin XCConfigurationList section */
		B741914D1ADA6BAF0051E237 /* Build configuration list for PBXProject "TURides" */ = {
			isa = XCConfigurationList;
			buildConfigurations = (
				B741916F1ADA6BAF0051E237 /* Debug */,
				B74191701ADA6BAF0051E237 /* Release */,
			);
			defaultConfigurationIsVisible = 0;
			defaultConfigurationName = Release;
		};
		B74191711ADA6BAF0051E237 /* Build configuration list for PBXNativeTarget "TURides" */ = {
			isa = XCConfigurationList;
			buildConfigurations = (
				B74191721ADA6BAF0051E237 /* Debug */,
				B74191731ADA6BAF0051E237 /* Release */,
			);
			defaultConfigurationIsVisible = 0;
			defaultConfigurationName = Release;
		};
		B74191741ADA6BAF0051E237 /* Build configuration list for PBXNativeTarget "TURidesTests" */ = {
			isa = XCConfigurationList;
			buildConfigurations = (
				B74191751ADA6BAF0051E237 /* Debug */,
				B74191761ADA6BAF0051E237 /* Release */,
			);
			defaultConfigurationIsVisible = 0;
			defaultConfigurationName = Release;
		};
/* End XCConfigurationList section */
	};
	rootObject = B741914A1ADA6BAF0051E237 /* Project object */;
}
